
Microsoft Visual Studio Solution File, Format Version 12.00
# Visual Studio Version 16
VisualStudioVersion = 16.0.31025.194
MinimumVisualStudioVersion = 10.0.40219.1
Project("{9A19103F-16F7-4668-BE54-9A1E7A4F7556}") = "AesRijndaelLibrary", "AESRijndaelLibrary\AesRijndaelLibrary.csproj", "{CEBF5196-9675-4B60-BAAD-71136441BF64}"
EndProject
Project("{9A19103F-16F7-4668-BE54-9A1E7A4F7556}") = "AesRijndaelTest", "AESRijndaelTest\AesRijndaelTest.csproj", "{F11BA261-3C1B-42AF-9C56-7731F9AA3F0F}"
EndProject
Project("{9A19103F-16F7-4668-BE54-9A1E7A4F7556}") = "AesInterface", "AESInterface\AesInterface.csproj", "{F162C1DA-D60C-4DE5-AF97-EE0C6AFC407E}"
EndProject
Project("{2150E333-8FDC-42A3-9474-1A3956D46DE8}") = "SoluionItems", "SoluionItems", "{A7AA5E1A-A22D-486E-9606-3B2A487946DD}"
EndProject
Project("{2150E333-8FDC-42A3-9474-1A3956D46DE8}") = "Docs", "Docs", "{754F426D-73F7-44E2-A02E-A5689EDCA103}"
	ProjectSection(SolutionItems) = preProject
		AES Proposal_Rijndael.pdf = AES Proposal_Rijndael.pdf
		Practical.pdf = Practical.pdf
	EndProjectSection
EndProject
Global
	GlobalSection(SolutionConfigurationPlatforms) = preSolution
		Debug|Any CPU = Debug|Any CPU
		Debug|Mixed Platforms = Debug|Mixed Platforms
		Debug|x86 = Debug|x86
		Release|Any CPU = Release|Any CPU
		Release|Mixed Platforms = Release|Mixed Platforms
		Release|x86 = Release|x86
	EndGlobalSection
	GlobalSection(ProjectConfigurationPlatforms) = postSolution
		{CEBF5196-9675-4B60-BAAD-71136441BF64}.Debug|Any CPU.ActiveCfg = Debug|Any CPU
		{CEBF5196-9675-4B60-BAAD-71136441BF64}.Debug|Any CPU.Build.0 = Debug|Any CPU
		{CEBF5196-9675-4B60-BAAD-71136441BF64}.Debug|Mixed Platforms.ActiveCfg = Debug|Any CPU
		{CEBF5196-9675-4B60-BAAD-71136441BF64}.Debug|Mixed Platforms.Build.0 = Debug|Any CPU
		{CEBF5196-9675-4B60-BAAD-71136441BF64}.Debug|x86.ActiveCfg = Debug|Any CPU
		{CEBF5196-9675-4B60-BAAD-71136441BF64}.Release|Any CPU.ActiveCfg = Release|Any CPU
		{CEBF5196-9675-4B60-BAAD-71136441BF64}.Release|Any CPU.Build.0 = Release|Any CPU
		{CEBF5196-9675-4B60-BAAD-71136441BF64}.Release|Mixed Platforms.ActiveCfg = Release|Any CPU
		{CEBF5196-9675-4B60-BAAD-71136441BF64}.Release|Mixed Platforms.Build.0 = Release|Any CPU
		{CEBF5196-9675-4B60-BAAD-71136441BF64}.Release|x86.ActiveCfg = Release|Any CPU
		{F11BA261-3C1B-42AF-9C56-7731F9AA3F0F}.Debug|Any CPU.ActiveCfg = Debug|x86
		{F11BA261-3C1B-42AF-9C56-7731F9AA3F0F}.Debug|Mixed Platforms.ActiveCfg = Debug|Any CPU
		{F11BA261-3C1B-42AF-9C56-7731F9AA3F0F}.Debug|Mixed Platforms.Build.0 = Debug|Any CPU
		{F11BA261-3C1B-42AF-9C56-7731F9AA3F0F}.Debug|x86.ActiveCfg = Debug|x86
		{F11BA261-3C1B-42AF-9C56-7731F9AA3F0F}.Debug|x86.Build.0 = Debug|x86
		{F11BA261-3C1B-42AF-9C56-7731F9AA3F0F}.Release|Any CPU.ActiveCfg = Release|x86
		{F11BA261-3C1B-42AF-9C56-7731F9AA3F0F}.Release|Mixed Platforms.ActiveCfg = Release|x86
		{F11BA261-3C1B-42AF-9C56-7731F9AA3F0F}.Release|Mixed Platforms.Build.0 = Release|x86
		{F11BA261-3C1B-42AF-9C56-7731F9AA3F0F}.Release|x86.ActiveCfg = Release|x86
		{F11BA261-3C1B-42AF-9C56-7731F9AA3F0F}.Release|x86.Build.0 = Release|x86
		{F162C1DA-D60C-4DE5-AF97-EE0C6AFC407E}.Debug|Any CPU.ActiveCfg = Debug|x86
		{F162C1DA-D60C-4DE5-AF97-EE0C6AFC407E}.Debug|Mixed Platforms.ActiveCfg = Debug|Any CPU
		{F162C1DA-D60C-4DE5-AF97-EE0C6AFC407E}.Debug|Mixed Platforms.Build.0 = Debug|Any CPU
		{F162C1DA-D60C-4DE5-AF97-EE0C6AFC407E}.Debug|x86.ActiveCfg = Debug|x86
		{F162C1DA-D60C-4DE5-AF97-EE0C6AFC407E}.Debug|x86.Build.0 = Debug|x86
		{F162C1DA-D60C-4DE5-AF97-EE0C6AFC407E}.Release|Any CPU.ActiveCfg = Release|x86
		{F162C1DA-D60C-4DE5-AF97-EE0C6AFC407E}.Release|Mixed Platforms.ActiveCfg = Release|x86
		{F162C1DA-D60C-4DE5-AF97-EE0C6AFC407E}.Release|Mixed Platforms.Build.0 = Release|x86
		{F162C1DA-D60C-4DE5-AF97-EE0C6AFC407E}.Release|x86.ActiveCfg = Release|x86
		{F162C1DA-D60C-4DE5-AF97-EE0C6AFC407E}.Release|x86.Build.0 = Release|x86
	EndGlobalSection
	GlobalSection(SolutionProperties) = preSolution
		HideSolutionNode = FALSE
	EndGlobalSection
	GlobalSection(ExtensibilityGlobals) = postSolution
		SolutionGuid = {D02A79E1-1FA3-4B6C-9718-D47467147791}
	EndGlobalSection
EndGlobal
