
Microsoft Visual Studio Solution File, Format Version 12.00
# Visual Studio Version 16
VisualStudioVersion = 16.0.31025.194
MinimumVisualStudioVersion = 10.0.40219.1
Project("{9A19103F-16F7-4668-BE54-9A1E7A4F7556}") = "AesRijndaelLibrary", "AESRijndaelLibrary\AesRijndaelLibrary.csproj", "{CEBF5196-9675-4B60-BAAD-71136441BF64}"
EndProject
Project("{9A19103F-16F7-4668-BE54-9A1E7A4F7556}") = "AesRijndaelTest", "AESRijndaelTest\AesRijndaelTest.csproj", "{F11BA261-3C1B-42AF-9C56-7731F9AA3F0F}"
EndProject
Project("{9A19103F-16F7-4668-BE54-9A1E7A4F7556}") = "AesInterface", "AESInterface\AesInterface.csproj", "{F162C1DA-D60C-4DE5-AF97-EE0C6AFC407E}"
EndProject
Project("{2150E333-8FDC-42A3-9474-1A3956D46DE8}") = "SoluionItems", "SoluionItems", "{A7AA5E1A-A22D-486E-9606-3B2A487946DD}"
EndProject
Project("{2150E333-8FDC-42A3-9474-1A3956D46DE8}") = "Docs", "Docs", "{754F426D-73F7-44E2-A02E-A5689EDCA103}"
	ProjectSection(SolutionItems) = preProject
		AES Proposal_Rijndael.pdf = AES Proposal_Rijndael.pdf
		Practical.pdf = Practical.pdf
	EndProjectSection
EndProject
Project("{9A19103F-16F7-4668-BE54-9A1E7A4F7556}") = "AesRijndael.Test", "AesRijndael.Test\AesRijndael.Test.csproj", "{B4602A71-C025-4CC1-9ED5-45B2BAD1B7EC}"
EndProject
Project("{2150E333-8FDC-42A3-9474-1A3956D46DE8}") = "Wpf", "Wpf", "{89C4EA8F-FF2D-4B26-8C3A-777CEE2C6FFE}"
EndProject
Project("{FAE04EC0-301F-11D3-BF4B-00C04F79EFBC}") = "AesRijndael.Shell", "AesRijndael.Shell\AesRijndael.Shell.csproj", "{A20C6BD2-577D-4856-8778-42E2E1495433}"
EndProject
Project("{FAE04EC0-301F-11D3-BF4B-00C04F79EFBC}") = "AesRijndael.Core", "AesRijndael.Core\AesRijndael.Core.csproj", "{20D6A6A1-2152-48D0-989F-B9E666BC95F8}"
EndProject
Project("{FAE04EC0-301F-11D3-BF4B-00C04F79EFBC}") = "AesRijndael.MainModule", "AesRijndael.MainModule\AesRijndael.MainModule.csproj", "{B8349FD1-C41B-4B14-8B55-77C7F1FA061D}"
EndProject
Global
	GlobalSection(SolutionConfigurationPlatforms) = preSolution
		Debug|Any CPU = Debug|Any CPU
		Debug|Mixed Platforms = Debug|Mixed Platforms
		Debug|x86 = Debug|x86
		Release|Any CPU = Release|Any CPU
		Release|Mixed Platforms = Release|Mixed Platforms
		Release|x86 = Release|x86
	EndGlobalSection
	GlobalSection(ProjectConfigurationPlatforms) = postSolution
		{CEBF5196-9675-4B60-BAAD-71136441BF64}.Debug|Any CPU.ActiveCfg = Debug|Any CPU
		{CEBF5196-9675-4B60-BAAD-71136441BF64}.Debug|Any CPU.Build.0 = Debug|Any CPU
		{CEBF5196-9675-4B60-BAAD-71136441BF64}.Debug|Mixed Platforms.ActiveCfg = Debug|Any CPU
		{CEBF5196-9675-4B60-BAAD-71136441BF64}.Debug|Mixed Platforms.Build.0 = Debug|Any CPU
		{CEBF5196-9675-4B60-BAAD-71136441BF64}.Debug|x86.ActiveCfg = Debug|Any CPU
		{CEBF5196-9675-4B60-BAAD-71136441BF64}.Release|Any CPU.ActiveCfg = Release|Any CPU
		{CEBF5196-9675-4B60-BAAD-71136441BF64}.Release|Any CPU.Build.0 = Release|Any CPU
		{CEBF5196-9675-4B60-BAAD-71136441BF64}.Release|Mixed Platforms.ActiveCfg = Release|Any CPU
		{CEBF5196-9675-4B60-BAAD-71136441BF64}.Release|Mixed Platforms.Build.0 = Release|Any CPU
		{CEBF5196-9675-4B60-BAAD-71136441BF64}.Release|x86.ActiveCfg = Release|Any CPU
		{F11BA261-3C1B-42AF-9C56-7731F9AA3F0F}.Debug|Any CPU.ActiveCfg = Debug|x86
		{F11BA261-3C1B-42AF-9C56-7731F9AA3F0F}.Debug|Mixed Platforms.ActiveCfg = Debug|Any CPU
		{F11BA261-3C1B-42AF-9C56-7731F9AA3F0F}.Debug|Mixed Platforms.Build.0 = Debug|Any CPU
		{F11BA261-3C1B-42AF-9C56-7731F9AA3F0F}.Debug|x86.ActiveCfg = Debug|x86
		{F11BA261-3C1B-42AF-9C56-7731F9AA3F0F}.Debug|x86.Build.0 = Debug|x86
		{F11BA261-3C1B-42AF-9C56-7731F9AA3F0F}.Release|Any CPU.ActiveCfg = Release|x86
		{F11BA261-3C1B-42AF-9C56-7731F9AA3F0F}.Release|Mixed Platforms.ActiveCfg = Release|x86
		{F11BA261-3C1B-42AF-9C56-7731F9AA3F0F}.Release|Mixed Platforms.Build.0 = Release|x86
		{F11BA261-3C1B-42AF-9C56-7731F9AA3F0F}.Release|x86.ActiveCfg = Release|x86
		{F11BA261-3C1B-42AF-9C56-7731F9AA3F0F}.Release|x86.Build.0 = Release|x86
		{F162C1DA-D60C-4DE5-AF97-EE0C6AFC407E}.Debug|Any CPU.ActiveCfg = Debug|x86
		{F162C1DA-D60C-4DE5-AF97-EE0C6AFC407E}.Debug|Mixed Platforms.ActiveCfg = Debug|Any CPU
		{F162C1DA-D60C-4DE5-AF97-EE0C6AFC407E}.Debug|Mixed Platforms.Build.0 = Debug|Any CPU
		{F162C1DA-D60C-4DE5-AF97-EE0C6AFC407E}.Debug|x86.ActiveCfg = Debug|x86
		{F162C1DA-D60C-4DE5-AF97-EE0C6AFC407E}.Debug|x86.Build.0 = Debug|x86
		{F162C1DA-D60C-4DE5-AF97-EE0C6AFC407E}.Release|Any CPU.ActiveCfg = Release|x86
		{F162C1DA-D60C-4DE5-AF97-EE0C6AFC407E}.Release|Mixed Platforms.ActiveCfg = Release|x86
		{F162C1DA-D60C-4DE5-AF97-EE0C6AFC407E}.Release|Mixed Platforms.Build.0 = Release|x86
		{F162C1DA-D60C-4DE5-AF97-EE0C6AFC407E}.Release|x86.ActiveCfg = Release|x86
		{F162C1DA-D60C-4DE5-AF97-EE0C6AFC407E}.Release|x86.Build.0 = Release|x86
		{B4602A71-C025-4CC1-9ED5-45B2BAD1B7EC}.Debug|Any CPU.ActiveCfg = Debug|Any CPU
		{B4602A71-C025-4CC1-9ED5-45B2BAD1B7EC}.Debug|Any CPU.Build.0 = Debug|Any CPU
		{B4602A71-C025-4CC1-9ED5-45B2BAD1B7EC}.Debug|Mixed Platforms.ActiveCfg = Debug|Any CPU
		{B4602A71-C025-4CC1-9ED5-45B2BAD1B7EC}.Debug|Mixed Platforms.Build.0 = Debug|Any CPU
		{B4602A71-C025-4CC1-9ED5-45B2BAD1B7EC}.Debug|x86.ActiveCfg = Debug|Any CPU
		{B4602A71-C025-4CC1-9ED5-45B2BAD1B7EC}.Debug|x86.Build.0 = Debug|Any CPU
		{B4602A71-C025-4CC1-9ED5-45B2BAD1B7EC}.Release|Any CPU.ActiveCfg = Release|Any CPU
		{B4602A71-C025-4CC1-9ED5-45B2BAD1B7EC}.Release|Any CPU.Build.0 = Release|Any CPU
		{B4602A71-C025-4CC1-9ED5-45B2BAD1B7EC}.Release|Mixed Platforms.ActiveCfg = Release|Any CPU
		{B4602A71-C025-4CC1-9ED5-45B2BAD1B7EC}.Release|Mixed Platforms.Build.0 = Release|Any CPU
		{B4602A71-C025-4CC1-9ED5-45B2BAD1B7EC}.Release|x86.ActiveCfg = Release|Any CPU
		{B4602A71-C025-4CC1-9ED5-45B2BAD1B7EC}.Release|x86.Build.0 = Release|Any CPU
		{A20C6BD2-577D-4856-8778-42E2E1495433}.Debug|Any CPU.ActiveCfg = Debug|Any CPU
		{A20C6BD2-577D-4856-8778-42E2E1495433}.Debug|Any CPU.Build.0 = Debug|Any CPU
		{A20C6BD2-577D-4856-8778-42E2E1495433}.Debug|Mixed Platforms.ActiveCfg = Debug|Any CPU
		{A20C6BD2-577D-4856-8778-42E2E1495433}.Debug|Mixed Platforms.Build.0 = Debug|Any CPU
		{A20C6BD2-577D-4856-8778-42E2E1495433}.Debug|x86.ActiveCfg = Debug|Any CPU
		{A20C6BD2-577D-4856-8778-42E2E1495433}.Debug|x86.Build.0 = Debug|Any CPU
		{A20C6BD2-577D-4856-8778-42E2E1495433}.Release|Any CPU.ActiveCfg = Release|Any CPU
		{A20C6BD2-577D-4856-8778-42E2E1495433}.Release|Any CPU.Build.0 = Release|Any CPU
		{A20C6BD2-577D-4856-8778-42E2E1495433}.Release|Mixed Platforms.ActiveCfg = Release|Any CPU
		{A20C6BD2-577D-4856-8778-42E2E1495433}.Release|Mixed Platforms.Build.0 = Release|Any CPU
		{A20C6BD2-577D-4856-8778-42E2E1495433}.Release|x86.ActiveCfg = Release|Any CPU
		{A20C6BD2-577D-4856-8778-42E2E1495433}.Release|x86.Build.0 = Release|Any CPU
		{20D6A6A1-2152-48D0-989F-B9E666BC95F8}.Debug|Any CPU.ActiveCfg = Debug|Any CPU
		{20D6A6A1-2152-48D0-989F-B9E666BC95F8}.Debug|Any CPU.Build.0 = Debug|Any CPU
		{20D6A6A1-2152-48D0-989F-B9E666BC95F8}.Debug|Mixed Platforms.ActiveCfg = Debug|Any CPU
		{20D6A6A1-2152-48D0-989F-B9E666BC95F8}.Debug|Mixed Platforms.Build.0 = Debug|Any CPU
		{20D6A6A1-2152-48D0-989F-B9E666BC95F8}.Debug|x86.ActiveCfg = Debug|Any CPU
		{20D6A6A1-2152-48D0-989F-B9E666BC95F8}.Debug|x86.Build.0 = Debug|Any CPU
		{20D6A6A1-2152-48D0-989F-B9E666BC95F8}.Release|Any CPU.ActiveCfg = Release|Any CPU
		{20D6A6A1-2152-48D0-989F-B9E666BC95F8}.Release|Any CPU.Build.0 = Release|Any CPU
		{20D6A6A1-2152-48D0-989F-B9E666BC95F8}.Release|Mixed Platforms.ActiveCfg = Release|Any CPU
		{20D6A6A1-2152-48D0-989F-B9E666BC95F8}.Release|Mixed Platforms.Build.0 = Release|Any CPU
		{20D6A6A1-2152-48D0-989F-B9E666BC95F8}.Release|x86.ActiveCfg = Release|Any CPU
		{20D6A6A1-2152-48D0-989F-B9E666BC95F8}.Release|x86.Build.0 = Release|Any CPU
		{B8349FD1-C41B-4B14-8B55-77C7F1FA061D}.Debug|Any CPU.ActiveCfg = Debug|Any CPU
		{B8349FD1-C41B-4B14-8B55-77C7F1FA061D}.Debug|Any CPU.Build.0 = Debug|Any CPU
		{B8349FD1-C41B-4B14-8B55-77C7F1FA061D}.Debug|Mixed Platforms.ActiveCfg = Debug|Any CPU
		{B8349FD1-C41B-4B14-8B55-77C7F1FA061D}.Debug|Mixed Platforms.Build.0 = Debug|Any CPU
		{B8349FD1-C41B-4B14-8B55-77C7F1FA061D}.Debug|x86.ActiveCfg = Debug|Any CPU
		{B8349FD1-C41B-4B14-8B55-77C7F1FA061D}.Debug|x86.Build.0 = Debug|Any CPU
		{B8349FD1-C41B-4B14-8B55-77C7F1FA061D}.Release|Any CPU.ActiveCfg = Release|Any CPU
		{B8349FD1-C41B-4B14-8B55-77C7F1FA061D}.Release|Any CPU.Build.0 = Release|Any CPU
		{B8349FD1-C41B-4B14-8B55-77C7F1FA061D}.Release|Mixed Platforms.ActiveCfg = Release|Any CPU
		{B8349FD1-C41B-4B14-8B55-77C7F1FA061D}.Release|Mixed Platforms.Build.0 = Release|Any CPU
		{B8349FD1-C41B-4B14-8B55-77C7F1FA061D}.Release|x86.ActiveCfg = Release|Any CPU
		{B8349FD1-C41B-4B14-8B55-77C7F1FA061D}.Release|x86.Build.0 = Release|Any CPU
	EndGlobalSection
	GlobalSection(SolutionProperties) = preSolution
		HideSolutionNode = FALSE
	EndGlobalSection
	GlobalSection(NestedProjects) = preSolution
		{A20C6BD2-577D-4856-8778-42E2E1495433} = {89C4EA8F-FF2D-4B26-8C3A-777CEE2C6FFE}
		{20D6A6A1-2152-48D0-989F-B9E666BC95F8} = {89C4EA8F-FF2D-4B26-8C3A-777CEE2C6FFE}
		{B8349FD1-C41B-4B14-8B55-77C7F1FA061D} = {89C4EA8F-FF2D-4B26-8C3A-777CEE2C6FFE}
	EndGlobalSection
	GlobalSection(ExtensibilityGlobals) = postSolution
		SolutionGuid = {D02A79E1-1FA3-4B6C-9718-D47467147791}
	EndGlobalSection
EndGlobal
